
Microsoft Visual Studio Solution File, Format Version 12.00
# Visual Studio Version 17
VisualStudioVersion = 17.4.33213.308
MinimumVisualStudioVersion = 10.0.40219.1
Project("{FAE04EC0-301F-11D3-BF4B-00C04F79EFBC}") = "Umfg.Programacao.Aula08022024", "Umfg.Programacao.Aula08022024\Umfg.Programacao.Aula08022024.csproj", "{75806865-A8F6-44FB-BF93-ABC5A4705CEF}"
EndProject
Global
	GlobalSection(SolutionConfigurationPlatforms) = preSolution
		Debug|Any CPU = Debug|Any CPU
		Release|Any CPU = Release|Any CPU
	EndGlobalSection
	GlobalSection(ProjectConfigurationPlatforms) = postSolution
		{75806865-A8F6-44FB-BF93-ABC5A4705CEF}.Debug|Any CPU.ActiveCfg = Debug|Any CPU
		{75806865-A8F6-44FB-BF93-ABC5A4705CEF}.Debug|Any CPU.Build.0 = Debug|Any CPU
		{75806865-A8F6-44FB-BF93-ABC5A4705CEF}.Release|Any CPU.ActiveCfg = Release|Any CPU
		{75806865-A8F6-44FB-BF93-ABC5A4705CEF}.Release|Any CPU.Build.0 = Release|Any CPU
	EndGlobalSection
	GlobalSection(SolutionProperties) = preSolution
		HideSolutionNode = FALSE
	EndGlobalSection
	GlobalSection(ExtensibilityGlobals) = postSolution
		SolutionGuid = {8CA78099-E583-484C-9EFF-15CFD81A6FEB}
	EndGlobalSection
EndGlobal
